
Microsoft Visual Studio Solution File, Format Version 12.00
# Visual Studio Version 17
VisualStudioVersion = 17.14.36121.58
MinimumVisualStudioVersion = 10.0.40219.1
Project("{FE7A1B72-C5B7-4D7C-BB7D-76384D4DE8E1}") = "TestHmiProject", "TestHmiProject\TestHmiProject.hmiproj", "{0A5ABF8E-210E-4ABD-80B2-974E40614488}"
EndProject
Project("{FAE04EC0-301F-11D3-BF4B-00C04F79EFBC}") = "TcHmiLogixDriver", "TcHmiLogixDriver\TcHmiLogixDriver.csproj", "{FCC09CD0-3B69-4915-A4B4-D02E5D73F4F5}"
EndProject
Project("{FAE04EC0-301F-11D3-BF4B-00C04F79EFBC}") = "ConsoleTest", "ConsoleTest\ConsoleTest.csproj", "{0CB18094-FE8E-4C58-8503-389FBA1EE673}"
EndProject
Global
	GlobalSection(SolutionConfigurationPlatforms) = preSolution
		Debug|Any CPU = Debug|Any CPU
		Debug|TwinCAT HMI = Debug|TwinCAT HMI
		Debug|TwinCAT OS (ARMV7-A) = Debug|TwinCAT OS (ARMV7-A)
		Debug|TwinCAT OS (ARMV7-M) = Debug|TwinCAT OS (ARMV7-M)
		Debug|TwinCAT OS (ARMV8-A) = Debug|TwinCAT OS (ARMV8-A)
		Debug|TwinCAT OS (x64) = Debug|TwinCAT OS (x64)
		Debug|TwinCAT RT (x64) = Debug|TwinCAT RT (x64)
		Debug|TwinCAT RT (x86) = Debug|TwinCAT RT (x86)
		Release|Any CPU = Release|Any CPU
		Release|TwinCAT HMI = Release|TwinCAT HMI
		Release|TwinCAT OS (ARMV7-A) = Release|TwinCAT OS (ARMV7-A)
		Release|TwinCAT OS (ARMV7-M) = Release|TwinCAT OS (ARMV7-M)
		Release|TwinCAT OS (ARMV8-A) = Release|TwinCAT OS (ARMV8-A)
		Release|TwinCAT OS (x64) = Release|TwinCAT OS (x64)
		Release|TwinCAT RT (x64) = Release|TwinCAT RT (x64)
		Release|TwinCAT RT (x86) = Release|TwinCAT RT (x86)
	EndGlobalSection
	GlobalSection(ProjectConfigurationPlatforms) = postSolution
		{0A5ABF8E-210E-4ABD-80B2-974E40614488}.Debug|Any CPU.ActiveCfg = Debug|TwinCAT HMI
		{0A5ABF8E-210E-4ABD-80B2-974E40614488}.Debug|Any CPU.Build.0 = Debug|TwinCAT HMI
		{0A5ABF8E-210E-4ABD-80B2-974E40614488}.Debug|TwinCAT HMI.ActiveCfg = Debug|TwinCAT HMI
		{0A5ABF8E-210E-4ABD-80B2-974E40614488}.Debug|TwinCAT HMI.Build.0 = Debug|TwinCAT HMI
		{0A5ABF8E-210E-4ABD-80B2-974E40614488}.Debug|TwinCAT OS (ARMV7-A).ActiveCfg = Debug|TwinCAT HMI
		{0A5ABF8E-210E-4ABD-80B2-974E40614488}.Debug|TwinCAT OS (ARMV7-A).Build.0 = Debug|TwinCAT HMI
		{0A5ABF8E-210E-4ABD-80B2-974E40614488}.Debug|TwinCAT OS (ARMV7-M).ActiveCfg = Debug|TwinCAT HMI
		{0A5ABF8E-210E-4ABD-80B2-974E40614488}.Debug|TwinCAT OS (ARMV7-M).Build.0 = Debug|TwinCAT HMI
		{0A5ABF8E-210E-4ABD-80B2-974E40614488}.Debug|TwinCAT OS (ARMV8-A).ActiveCfg = Debug|TwinCAT HMI
		{0A5ABF8E-210E-4ABD-80B2-974E40614488}.Debug|TwinCAT OS (ARMV8-A).Build.0 = Debug|TwinCAT HMI
		{0A5ABF8E-210E-4ABD-80B2-974E40614488}.Debug|TwinCAT OS (x64).ActiveCfg = Debug|TwinCAT HMI
		{0A5ABF8E-210E-4ABD-80B2-974E40614488}.Debug|TwinCAT OS (x64).Build.0 = Debug|TwinCAT HMI
		{0A5ABF8E-210E-4ABD-80B2-974E40614488}.Debug|TwinCAT RT (x64).ActiveCfg = Debug|TwinCAT HMI
		{0A5ABF8E-210E-4ABD-80B2-974E40614488}.Debug|TwinCAT RT (x64).Build.0 = Debug|TwinCAT HMI
		{0A5ABF8E-210E-4ABD-80B2-974E40614488}.Debug|TwinCAT RT (x86).ActiveCfg = Debug|TwinCAT HMI
		{0A5ABF8E-210E-4ABD-80B2-974E40614488}.Debug|TwinCAT RT (x86).Build.0 = Debug|TwinCAT HMI
		{0A5ABF8E-210E-4ABD-80B2-974E40614488}.Release|Any CPU.ActiveCfg = Release|TwinCAT HMI
		{0A5ABF8E-210E-4ABD-80B2-974E40614488}.Release|Any CPU.Build.0 = Release|TwinCAT HMI
		{0A5ABF8E-210E-4ABD-80B2-974E40614488}.Release|TwinCAT HMI.ActiveCfg = Release|TwinCAT HMI
		{0A5ABF8E-210E-4ABD-80B2-974E40614488}.Release|TwinCAT HMI.Build.0 = Release|TwinCAT HMI
		{0A5ABF8E-210E-4ABD-80B2-974E40614488}.Release|TwinCAT OS (ARMV7-A).ActiveCfg = Release|TwinCAT HMI
		{0A5ABF8E-210E-4ABD-80B2-974E40614488}.Release|TwinCAT OS (ARMV7-A).Build.0 = Release|TwinCAT HMI
		{0A5ABF8E-210E-4ABD-80B2-974E40614488}.Release|TwinCAT OS (ARMV7-M).ActiveCfg = Release|TwinCAT HMI
		{0A5ABF8E-210E-4ABD-80B2-974E40614488}.Release|TwinCAT OS (ARMV7-M).Build.0 = Release|TwinCAT HMI
		{0A5ABF8E-210E-4ABD-80B2-974E40614488}.Release|TwinCAT OS (ARMV8-A).ActiveCfg = Release|TwinCAT HMI
		{0A5ABF8E-210E-4ABD-80B2-974E40614488}.Release|TwinCAT OS (ARMV8-A).Build.0 = Release|TwinCAT HMI
		{0A5ABF8E-210E-4ABD-80B2-974E40614488}.Release|TwinCAT OS (x64).ActiveCfg = Release|TwinCAT HMI
		{0A5ABF8E-210E-4ABD-80B2-974E40614488}.Release|TwinCAT OS (x64).Build.0 = Release|TwinCAT HMI
		{0A5ABF8E-210E-4ABD-80B2-974E40614488}.Release|TwinCAT RT (x64).ActiveCfg = Release|TwinCAT HMI
		{0A5ABF8E-210E-4ABD-80B2-974E40614488}.Release|TwinCAT RT (x64).Build.0 = Release|TwinCAT HMI
		{0A5ABF8E-210E-4ABD-80B2-974E40614488}.Release|TwinCAT RT (x86).ActiveCfg = Release|TwinCAT HMI
		{0A5ABF8E-210E-4ABD-80B2-974E40614488}.Release|TwinCAT RT (x86).Build.0 = Release|TwinCAT HMI
		{FCC09CD0-3B69-4915-A4B4-D02E5D73F4F5}.Debug|Any CPU.ActiveCfg = Debug|Any CPU
		{FCC09CD0-3B69-4915-A4B4-D02E5D73F4F5}.Debug|Any CPU.Build.0 = Debug|Any CPU
		{FCC09CD0-3B69-4915-A4B4-D02E5D73F4F5}.Debug|TwinCAT HMI.ActiveCfg = Debug|Any CPU
		{FCC09CD0-3B69-4915-A4B4-D02E5D73F4F5}.Debug|TwinCAT HMI.Build.0 = Debug|Any CPU
		{FCC09CD0-3B69-4915-A4B4-D02E5D73F4F5}.Debug|TwinCAT OS (ARMV7-A).ActiveCfg = Debug|Any CPU
		{FCC09CD0-3B69-4915-A4B4-D02E5D73F4F5}.Debug|TwinCAT OS (ARMV7-A).Build.0 = Debug|Any CPU
		{FCC09CD0-3B69-4915-A4B4-D02E5D73F4F5}.Debug|TwinCAT OS (ARMV7-M).ActiveCfg = Debug|Any CPU
		{FCC09CD0-3B69-4915-A4B4-D02E5D73F4F5}.Debug|TwinCAT OS (ARMV7-M).Build.0 = Debug|Any CPU
		{FCC09CD0-3B69-4915-A4B4-D02E5D73F4F5}.Debug|TwinCAT OS (ARMV8-A).ActiveCfg = Debug|Any CPU
		{FCC09CD0-3B69-4915-A4B4-D02E5D73F4F5}.Debug|TwinCAT OS (ARMV8-A).Build.0 = Debug|Any CPU
		{FCC09CD0-3B69-4915-A4B4-D02E5D73F4F5}.Debug|TwinCAT OS (x64).ActiveCfg = Debug|Any CPU
		{FCC09CD0-3B69-4915-A4B4-D02E5D73F4F5}.Debug|TwinCAT OS (x64).Build.0 = Debug|Any CPU
		{FCC09CD0-3B69-4915-A4B4-D02E5D73F4F5}.Debug|TwinCAT RT (x64).ActiveCfg = Debug|Any CPU
		{FCC09CD0-3B69-4915-A4B4-D02E5D73F4F5}.Debug|TwinCAT RT (x64).Build.0 = Debug|Any CPU
		{FCC09CD0-3B69-4915-A4B4-D02E5D73F4F5}.Debug|TwinCAT RT (x86).ActiveCfg = Debug|Any CPU
		{FCC09CD0-3B69-4915-A4B4-D02E5D73F4F5}.Debug|TwinCAT RT (x86).Build.0 = Debug|Any CPU
		{FCC09CD0-3B69-4915-A4B4-D02E5D73F4F5}.Release|Any CPU.ActiveCfg = Release|Any CPU
		{FCC09CD0-3B69-4915-A4B4-D02E5D73F4F5}.Release|Any CPU.Build.0 = Release|Any CPU
		{FCC09CD0-3B69-4915-A4B4-D02E5D73F4F5}.Release|TwinCAT HMI.ActiveCfg = Release|Any CPU
		{FCC09CD0-3B69-4915-A4B4-D02E5D73F4F5}.Release|TwinCAT HMI.Build.0 = Release|Any CPU
		{FCC09CD0-3B69-4915-A4B4-D02E5D73F4F5}.Release|TwinCAT OS (ARMV7-A).ActiveCfg = Release|Any CPU
		{FCC09CD0-3B69-4915-A4B4-D02E5D73F4F5}.Release|TwinCAT OS (ARMV7-A).Build.0 = Release|Any CPU
		{FCC09CD0-3B69-4915-A4B4-D02E5D73F4F5}.Release|TwinCAT OS (ARMV7-M).ActiveCfg = Release|Any CPU
		{FCC09CD0-3B69-4915-A4B4-D02E5D73F4F5}.Release|TwinCAT OS (ARMV7-M).Build.0 = Release|Any CPU
		{FCC09CD0-3B69-4915-A4B4-D02E5D73F4F5}.Release|TwinCAT OS (ARMV8-A).ActiveCfg = Release|Any CPU
		{FCC09CD0-3B69-4915-A4B4-D02E5D73F4F5}.Release|TwinCAT OS (ARMV8-A).Build.0 = Release|Any CPU
		{FCC09CD0-3B69-4915-A4B4-D02E5D73F4F5}.Release|TwinCAT OS (x64).ActiveCfg = Release|Any CPU
		{FCC09CD0-3B69-4915-A4B4-D02E5D73F4F5}.Release|TwinCAT OS (x64).Build.0 = Release|Any CPU
		{FCC09CD0-3B69-4915-A4B4-D02E5D73F4F5}.Release|TwinCAT RT (x64).ActiveCfg = Release|Any CPU
		{FCC09CD0-3B69-4915-A4B4-D02E5D73F4F5}.Release|TwinCAT RT (x64).Build.0 = Release|Any CPU
		{FCC09CD0-3B69-4915-A4B4-D02E5D73F4F5}.Release|TwinCAT RT (x86).ActiveCfg = Release|Any CPU
		{FCC09CD0-3B69-4915-A4B4-D02E5D73F4F5}.Release|TwinCAT RT (x86).Build.0 = Release|Any CPU
		{0CB18094-FE8E-4C58-8503-389FBA1EE673}.Debug|Any CPU.ActiveCfg = Debug|Any CPU
		{0CB18094-FE8E-4C58-8503-389FBA1EE673}.Debug|Any CPU.Build.0 = Debug|Any CPU
		{0CB18094-FE8E-4C58-8503-389FBA1EE673}.Debug|TwinCAT HMI.ActiveCfg = Debug|Any CPU
		{0CB18094-FE8E-4C58-8503-389FBA1EE673}.Debug|TwinCAT HMI.Build.0 = Debug|Any CPU
		{0CB18094-FE8E-4C58-8503-389FBA1EE673}.Debug|TwinCAT OS (ARMV7-A).ActiveCfg = Debug|Any CPU
		{0CB18094-FE8E-4C58-8503-389FBA1EE673}.Debug|TwinCAT OS (ARMV7-A).Build.0 = Debug|Any CPU
		{0CB18094-FE8E-4C58-8503-389FBA1EE673}.Debug|TwinCAT OS (ARMV7-M).ActiveCfg = Debug|Any CPU
		{0CB18094-FE8E-4C58-8503-389FBA1EE673}.Debug|TwinCAT OS (ARMV7-M).Build.0 = Debug|Any CPU
		{0CB18094-FE8E-4C58-8503-389FBA1EE673}.Debug|TwinCAT OS (ARMV8-A).ActiveCfg = Debug|Any CPU
		{0CB18094-FE8E-4C58-8503-389FBA1EE673}.Debug|TwinCAT OS (ARMV8-A).Build.0 = Debug|Any CPU
		{0CB18094-FE8E-4C58-8503-389FBA1EE673}.Debug|TwinCAT OS (x64).ActiveCfg = Debug|Any CPU
		{0CB18094-FE8E-4C58-8503-389FBA1EE673}.Debug|TwinCAT OS (x64).Build.0 = Debug|Any CPU
		{0CB18094-FE8E-4C58-8503-389FBA1EE673}.Debug|TwinCAT RT (x64).ActiveCfg = Debug|Any CPU
		{0CB18094-FE8E-4C58-8503-389FBA1EE673}.Debug|TwinCAT RT (x64).Build.0 = Debug|Any CPU
		{0CB18094-FE8E-4C58-8503-389FBA1EE673}.Debug|TwinCAT RT (x86).ActiveCfg = Debug|Any CPU
		{0CB18094-FE8E-4C58-8503-389FBA1EE673}.Debug|TwinCAT RT (x86).Build.0 = Debug|Any CPU
		{0CB18094-FE8E-4C58-8503-389FBA1EE673}.Release|Any CPU.ActiveCfg = Release|Any CPU
		{0CB18094-FE8E-4C58-8503-389FBA1EE673}.Release|Any CPU.Build.0 = Release|Any CPU
		{0CB18094-FE8E-4C58-8503-389FBA1EE673}.Release|TwinCAT HMI.ActiveCfg = Release|Any CPU
		{0CB18094-FE8E-4C58-8503-389FBA1EE673}.Release|TwinCAT HMI.Build.0 = Release|Any CPU
		{0CB18094-FE8E-4C58-8503-389FBA1EE673}.Release|TwinCAT OS (ARMV7-A).ActiveCfg = Release|Any CPU
		{0CB18094-FE8E-4C58-8503-389FBA1EE673}.Release|TwinCAT OS (ARMV7-A).Build.0 = Release|Any CPU
		{0CB18094-FE8E-4C58-8503-389FBA1EE673}.Release|TwinCAT OS (ARMV7-M).ActiveCfg = Release|Any CPU
		{0CB18094-FE8E-4C58-8503-389FBA1EE673}.Release|TwinCAT OS (ARMV7-M).Build.0 = Release|Any CPU
		{0CB18094-FE8E-4C58-8503-389FBA1EE673}.Release|TwinCAT OS (ARMV8-A).ActiveCfg = Release|Any CPU
		{0CB18094-FE8E-4C58-8503-389FBA1EE673}.Release|TwinCAT OS (ARMV8-A).Build.0 = Release|Any CPU
		{0CB18094-FE8E-4C58-8503-389FBA1EE673}.Release|TwinCAT OS (x64).ActiveCfg = Release|Any CPU
		{0CB18094-FE8E-4C58-8503-389FBA1EE673}.Release|TwinCAT OS (x64).Build.0 = Release|Any CPU
		{0CB18094-FE8E-4C58-8503-389FBA1EE673}.Release|TwinCAT RT (x64).ActiveCfg = Release|Any CPU
		{0CB18094-FE8E-4C58-8503-389FBA1EE673}.Release|TwinCAT RT (x64).Build.0 = Release|Any CPU
		{0CB18094-FE8E-4C58-8503-389FBA1EE673}.Release|TwinCAT RT (x86).ActiveCfg = Release|Any CPU
		{0CB18094-FE8E-4C58-8503-389FBA1EE673}.Release|TwinCAT RT (x86).Build.0 = Release|Any CPU
	EndGlobalSection
	GlobalSection(SolutionProperties) = preSolution
		HideSolutionNode = FALSE
	EndGlobalSection
	GlobalSection(ExtensibilityGlobals) = postSolution
		SolutionGuid = {3A502641-7E31-4FF4-9AB1-6FCCB77DE1A9}
	EndGlobalSection
EndGlobal
